
Microsoft Visual Studio Solution File, Format Version 12.00
# Visual Studio Version 16
VisualStudioVersion = 16.0.29403.142
MinimumVisualStudioVersion = 10.0.40219.1
Project("{9A19103F-16F7-4668-BE54-9A1E7A4F7556}") = "CloudBasedSmsGateway-Legacy", "CloudBasedSmsGateway\CloudBasedSmsGateway-Legacy.csproj", "{61EF05D7-3B97-4BFF-AA6B-2C3CF7674241}"
EndProject
Project("{FAE04EC0-301F-11D3-BF4B-00C04F79EFBC}") = "CloudTwilioGateway", "CloudTwilioGateway\CloudTwilioGateway.csproj", "{E104F357-8CB6-4954-A9F9-C99E7DA185BB}"
EndProject
Global
	GlobalSection(SolutionConfigurationPlatforms) = preSolution
		Debug|Any CPU = Debug|Any CPU
		Release|Any CPU = Release|Any CPU
	EndGlobalSection
	GlobalSection(ProjectConfigurationPlatforms) = postSolution
		{61EF05D7-3B97-4BFF-AA6B-2C3CF7674241}.Debug|Any CPU.ActiveCfg = Debug|Any CPU
		{61EF05D7-3B97-4BFF-AA6B-2C3CF7674241}.Debug|Any CPU.Build.0 = Debug|Any CPU
		{61EF05D7-3B97-4BFF-AA6B-2C3CF7674241}.Release|Any CPU.ActiveCfg = Release|Any CPU
		{61EF05D7-3B97-4BFF-AA6B-2C3CF7674241}.Release|Any CPU.Build.0 = Release|Any CPU
		{E104F357-8CB6-4954-A9F9-C99E7DA185BB}.Debug|Any CPU.ActiveCfg = Debug|Any CPU
		{E104F357-8CB6-4954-A9F9-C99E7DA185BB}.Debug|Any CPU.Build.0 = Debug|Any CPU
		{E104F357-8CB6-4954-A9F9-C99E7DA185BB}.Release|Any CPU.ActiveCfg = Release|Any CPU
		{E104F357-8CB6-4954-A9F9-C99E7DA185BB}.Release|Any CPU.Build.0 = Release|Any CPU
	EndGlobalSection
	GlobalSection(SolutionProperties) = preSolution
		HideSolutionNode = FALSE
	EndGlobalSection
	GlobalSection(ExtensibilityGlobals) = postSolution
		SolutionGuid = {0C4F7FA2-C728-4939-B56C-122CF52DB8B1}
	EndGlobalSection
EndGlobal
